{
    "_readme": [
        "This file locks the dependencies of your project to a known state",
        "Read more about it at https://getcomposer.org/doc/01-basic-usage.md#installing-dependencies",
        "This file is @generated automatically"
    ],
    "content-hash": "264b37ac055976f7eb142abeec9ebf89",
    "packages": [
        {
            "name": "anzeblabla/framework",
            "version": "0.0.1",
            "source": {
                "type": "git",
                "url": "https://github.com/AnzeBlaBla/PHP-Framework.git",
                "reference": "5627257e2fd3e3075d177d5e122b5996163790d4"
            },
            "dist": {
                "type": "zip",
                "url": "https://api.github.com/repos/AnzeBlaBla/PHP-Framework/zipball/5627257e2fd3e3075d177d5e122b5996163790d4",
                "reference": "5627257e2fd3e3075d177d5e122b5996163790d4",
                "shasum": ""
            },
            "require": {
                "php": ">=8.1.0"
            },
            "type": "library",
            "autoload": {
                "psr-4": {
                    "AnzeBlaBla\\Framework\\": "src/"
                }
            },
            "notification-url": "https://packagist.org/downloads/",
            "license": [
                "GPL-3.0-or-later"
            ],
            "authors": [
                {
                    "name": "AnzeBlaBla",
                    "email": "anzemajblabla@gmail.com"
                }
            ],
            "description": "A toy project PHP framework",
            "support": {
                "issues": "https://github.com/AnzeBlaBla/PHP-Framework/issues",
                "source": "https://github.com/AnzeBlaBla/PHP-Framework/tree/0.0.1"
            },
            "time": "2023-04-27T23:04:16+00:00"
        }
    ],
    "packages-dev": [],
    "aliases": [],
    "minimum-stability": "dev",
    "stability-flags": [],
    "prefer-stable": true,
    "prefer-lowest": false,
    "platform": [],
    "platform-dev": [],
    "plugin-api-version": "2.3.0"
}
